
Microsoft Visual Studio Solution File, Format Version 12.00
# Visual Studio Version 17
VisualStudioVersion = 17.0.31919.166
MinimumVisualStudioVersion = 10.0.40219.1
Project("{FAE04EC0-301F-11D3-BF4B-00C04F79EFBC}") = "XadrezConsole", "XadrezConsole\XadrezConsole.csproj", "{AB478702-4AA8-43B2-8537-F781638340A7}"
EndProject
Global
	GlobalSection(SolutionConfigurationPlatforms) = preSolution
		Debug|Any CPU = Debug|Any CPU
		Release|Any CPU = Release|Any CPU
	EndGlobalSection
	GlobalSection(ProjectConfigurationPlatforms) = postSolution
		{AB478702-4AA8-43B2-8537-F781638340A7}.Debug|Any CPU.ActiveCfg = Debug|Any CPU
		{AB478702-4AA8-43B2-8537-F781638340A7}.Debug|Any CPU.Build.0 = Debug|Any CPU
		{AB478702-4AA8-43B2-8537-F781638340A7}.Release|Any CPU.ActiveCfg = Release|Any CPU
		{AB478702-4AA8-43B2-8537-F781638340A7}.Release|Any CPU.Build.0 = Release|Any CPU
	EndGlobalSection
	GlobalSection(SolutionProperties) = preSolution
		HideSolutionNode = FALSE
	EndGlobalSection
	GlobalSection(ExtensibilityGlobals) = postSolution
		SolutionGuid = {D6E77383-74DA-4D08-97DF-871A5AA1C347}
	EndGlobalSection
EndGlobal
